
Microsoft Visual Studio Solution File, Format Version 12.00
# Visual Studio Version 17
VisualStudioVersion = 17.3.32929.385
MinimumVisualStudioVersion = 10.0.40219.1
Project("{9A19103F-16F7-4668-BE54-9A1E7A4F7556}") = "Homework1", "AutoLab\Homework1.csproj", "{35F23AF6-FF07-4CAB-A5E7-70BAA8A7BA74}"
EndProject
Project("{9A19103F-16F7-4668-BE54-9A1E7A4F7556}") = "Homework3", "Homework3\Homework3.csproj", "{2B73A223-C166-4B8C-A1DE-C07C1B0250E5}"
EndProject
Project("{9A19103F-16F7-4668-BE54-9A1E7A4F7556}") = "Homework4", "Homework4\Homework4.csproj", "{099083DF-D5B3-4D5A-A1E8-C65129972F6A}"
EndProject
Project("{9A19103F-16F7-4668-BE54-9A1E7A4F7556}") = "Homework5_Lib", "Homework5_Lib\Homework5_Lib.csproj", "{EDE3006F-E767-4020-BE10-2EE57FEAF1B9}"
EndProject
Project("{9A19103F-16F7-4668-BE54-9A1E7A4F7556}") = "Homework5_Main", "Homework5_Main\Homework5_Main.csproj", "{D6A57EB0-F240-473E-87DF-9684DDDC3B8F}"
EndProject
Project("{9A19103F-16F7-4668-BE54-9A1E7A4F7556}") = "Homework7", "Homework7\Homework7.csproj", "{3CF9BB53-791C-4B94-B1D6-31A8D243865A}"
EndProject
Project("{9A19103F-16F7-4668-BE54-9A1E7A4F7556}") = "Homework8_1", "Homework8_1\Homework8_1.csproj", "{9738E72A-22DE-47CE-AF63-CF48A3F3F2AD}"
EndProject
Project("{9A19103F-16F7-4668-BE54-9A1E7A4F7556}") = "Homework8_2", "Homework8_2\Homework8_2.csproj", "{47D93187-04EC-4280-9221-285B81B04F70}"
EndProject
Project("{9A19103F-16F7-4668-BE54-9A1E7A4F7556}") = "Homework9_Lists", "Homework9_Lists\Homework9_Lists.csproj", "{0C38C913-2C5C-4D31-BFE4-B89AB7116C93}"
EndProject
Project("{9A19103F-16F7-4668-BE54-9A1E7A4F7556}") = "Homework9_LinkedLists", "Homework9_LinkedLists\Homework9_LinkedLists.csproj", "{752DF09B-3AC8-42F7-A90A-3A15963E9C40}"
EndProject
Project("{9A19103F-16F7-4668-BE54-9A1E7A4F7556}") = "Homework9_QueueAndStack", "Homework9_QueueAndStack\Homework9_QueueAndStack.csproj", "{7E9361BF-02EB-49E8-BCDE-08B09E56F18E}"
EndProject
Project("{9A19103F-16F7-4668-BE54-9A1E7A4F7556}") = "Homework9_Dictionary", "Homewrok9_Dictionary\Homework9_Dictionary.csproj", "{93FFAE63-2DC9-4118-A7A3-D6F7E7E83C28}"
EndProject
Project("{9A19103F-16F7-4668-BE54-9A1E7A4F7556}") = "Homework10", "Homework10\Homework10.csproj", "{1716A012-FA9F-4A43-A063-5FD0D00857D5}"
EndProject
Project("{9A19103F-16F7-4668-BE54-9A1E7A4F7556}") = "Homework11", "Homework11\Homework11.csproj", "{38781802-A084-4A35-B14D-42BE4CB245EA}"
EndProject
Project("{9A19103F-16F7-4668-BE54-9A1E7A4F7556}") = "Homework13", "Homework13\Homework13.csproj", "{DA7B139F-FDBE-471D-8F40-C9B9FE67372A}"
EndProject
Project("{FAE04EC0-301F-11D3-BF4B-00C04F79EFBC}") = "Homework17", "Homework17\Homework17.csproj", "{94C662E4-36AA-450B-8224-8565E4A3C3BF}"
EndProject
Global
	GlobalSection(SolutionConfigurationPlatforms) = preSolution
		Debug|Any CPU = Debug|Any CPU
		Release|Any CPU = Release|Any CPU
	EndGlobalSection
	GlobalSection(ProjectConfigurationPlatforms) = postSolution
		{35F23AF6-FF07-4CAB-A5E7-70BAA8A7BA74}.Debug|Any CPU.ActiveCfg = Debug|Any CPU
		{35F23AF6-FF07-4CAB-A5E7-70BAA8A7BA74}.Debug|Any CPU.Build.0 = Debug|Any CPU
		{35F23AF6-FF07-4CAB-A5E7-70BAA8A7BA74}.Release|Any CPU.ActiveCfg = Release|Any CPU
		{35F23AF6-FF07-4CAB-A5E7-70BAA8A7BA74}.Release|Any CPU.Build.0 = Release|Any CPU
		{2B73A223-C166-4B8C-A1DE-C07C1B0250E5}.Debug|Any CPU.ActiveCfg = Debug|Any CPU
		{2B73A223-C166-4B8C-A1DE-C07C1B0250E5}.Debug|Any CPU.Build.0 = Debug|Any CPU
		{2B73A223-C166-4B8C-A1DE-C07C1B0250E5}.Release|Any CPU.ActiveCfg = Release|Any CPU
		{2B73A223-C166-4B8C-A1DE-C07C1B0250E5}.Release|Any CPU.Build.0 = Release|Any CPU
		{099083DF-D5B3-4D5A-A1E8-C65129972F6A}.Debug|Any CPU.ActiveCfg = Debug|Any CPU
		{099083DF-D5B3-4D5A-A1E8-C65129972F6A}.Debug|Any CPU.Build.0 = Debug|Any CPU
		{099083DF-D5B3-4D5A-A1E8-C65129972F6A}.Release|Any CPU.ActiveCfg = Release|Any CPU
		{099083DF-D5B3-4D5A-A1E8-C65129972F6A}.Release|Any CPU.Build.0 = Release|Any CPU
		{EDE3006F-E767-4020-BE10-2EE57FEAF1B9}.Debug|Any CPU.ActiveCfg = Debug|Any CPU
		{EDE3006F-E767-4020-BE10-2EE57FEAF1B9}.Debug|Any CPU.Build.0 = Debug|Any CPU
		{EDE3006F-E767-4020-BE10-2EE57FEAF1B9}.Release|Any CPU.ActiveCfg = Release|Any CPU
		{EDE3006F-E767-4020-BE10-2EE57FEAF1B9}.Release|Any CPU.Build.0 = Release|Any CPU
		{D6A57EB0-F240-473E-87DF-9684DDDC3B8F}.Debug|Any CPU.ActiveCfg = Debug|Any CPU
		{D6A57EB0-F240-473E-87DF-9684DDDC3B8F}.Debug|Any CPU.Build.0 = Debug|Any CPU
		{D6A57EB0-F240-473E-87DF-9684DDDC3B8F}.Release|Any CPU.ActiveCfg = Release|Any CPU
		{D6A57EB0-F240-473E-87DF-9684DDDC3B8F}.Release|Any CPU.Build.0 = Release|Any CPU
		{3CF9BB53-791C-4B94-B1D6-31A8D243865A}.Debug|Any CPU.ActiveCfg = Debug|Any CPU
		{3CF9BB53-791C-4B94-B1D6-31A8D243865A}.Debug|Any CPU.Build.0 = Debug|Any CPU
		{3CF9BB53-791C-4B94-B1D6-31A8D243865A}.Release|Any CPU.ActiveCfg = Release|Any CPU
		{3CF9BB53-791C-4B94-B1D6-31A8D243865A}.Release|Any CPU.Build.0 = Release|Any CPU
		{9738E72A-22DE-47CE-AF63-CF48A3F3F2AD}.Debug|Any CPU.ActiveCfg = Debug|Any CPU
		{9738E72A-22DE-47CE-AF63-CF48A3F3F2AD}.Debug|Any CPU.Build.0 = Debug|Any CPU
		{9738E72A-22DE-47CE-AF63-CF48A3F3F2AD}.Release|Any CPU.ActiveCfg = Release|Any CPU
		{9738E72A-22DE-47CE-AF63-CF48A3F3F2AD}.Release|Any CPU.Build.0 = Release|Any CPU
		{47D93187-04EC-4280-9221-285B81B04F70}.Debug|Any CPU.ActiveCfg = Debug|Any CPU
		{47D93187-04EC-4280-9221-285B81B04F70}.Debug|Any CPU.Build.0 = Debug|Any CPU
		{47D93187-04EC-4280-9221-285B81B04F70}.Release|Any CPU.ActiveCfg = Release|Any CPU
		{47D93187-04EC-4280-9221-285B81B04F70}.Release|Any CPU.Build.0 = Release|Any CPU
		{0C38C913-2C5C-4D31-BFE4-B89AB7116C93}.Debug|Any CPU.ActiveCfg = Debug|Any CPU
		{0C38C913-2C5C-4D31-BFE4-B89AB7116C93}.Debug|Any CPU.Build.0 = Debug|Any CPU
		{0C38C913-2C5C-4D31-BFE4-B89AB7116C93}.Release|Any CPU.ActiveCfg = Release|Any CPU
		{0C38C913-2C5C-4D31-BFE4-B89AB7116C93}.Release|Any CPU.Build.0 = Release|Any CPU
		{752DF09B-3AC8-42F7-A90A-3A15963E9C40}.Debug|Any CPU.ActiveCfg = Debug|Any CPU
		{752DF09B-3AC8-42F7-A90A-3A15963E9C40}.Debug|Any CPU.Build.0 = Debug|Any CPU
		{752DF09B-3AC8-42F7-A90A-3A15963E9C40}.Release|Any CPU.ActiveCfg = Release|Any CPU
		{752DF09B-3AC8-42F7-A90A-3A15963E9C40}.Release|Any CPU.Build.0 = Release|Any CPU
		{7E9361BF-02EB-49E8-BCDE-08B09E56F18E}.Debug|Any CPU.ActiveCfg = Debug|Any CPU
		{7E9361BF-02EB-49E8-BCDE-08B09E56F18E}.Debug|Any CPU.Build.0 = Debug|Any CPU
		{7E9361BF-02EB-49E8-BCDE-08B09E56F18E}.Release|Any CPU.ActiveCfg = Release|Any CPU
		{7E9361BF-02EB-49E8-BCDE-08B09E56F18E}.Release|Any CPU.Build.0 = Release|Any CPU
		{93FFAE63-2DC9-4118-A7A3-D6F7E7E83C28}.Debug|Any CPU.ActiveCfg = Debug|Any CPU
		{93FFAE63-2DC9-4118-A7A3-D6F7E7E83C28}.Debug|Any CPU.Build.0 = Debug|Any CPU
		{93FFAE63-2DC9-4118-A7A3-D6F7E7E83C28}.Release|Any CPU.ActiveCfg = Release|Any CPU
		{93FFAE63-2DC9-4118-A7A3-D6F7E7E83C28}.Release|Any CPU.Build.0 = Release|Any CPU
		{1716A012-FA9F-4A43-A063-5FD0D00857D5}.Debug|Any CPU.ActiveCfg = Debug|Any CPU
		{1716A012-FA9F-4A43-A063-5FD0D00857D5}.Debug|Any CPU.Build.0 = Debug|Any CPU
		{1716A012-FA9F-4A43-A063-5FD0D00857D5}.Release|Any CPU.ActiveCfg = Release|Any CPU
		{1716A012-FA9F-4A43-A063-5FD0D00857D5}.Release|Any CPU.Build.0 = Release|Any CPU
		{38781802-A084-4A35-B14D-42BE4CB245EA}.Debug|Any CPU.ActiveCfg = Debug|Any CPU
		{38781802-A084-4A35-B14D-42BE4CB245EA}.Debug|Any CPU.Build.0 = Debug|Any CPU
		{38781802-A084-4A35-B14D-42BE4CB245EA}.Release|Any CPU.ActiveCfg = Release|Any CPU
		{38781802-A084-4A35-B14D-42BE4CB245EA}.Release|Any CPU.Build.0 = Release|Any CPU
		{DA7B139F-FDBE-471D-8F40-C9B9FE67372A}.Debug|Any CPU.ActiveCfg = Debug|Any CPU
		{DA7B139F-FDBE-471D-8F40-C9B9FE67372A}.Debug|Any CPU.Build.0 = Debug|Any CPU
		{DA7B139F-FDBE-471D-8F40-C9B9FE67372A}.Release|Any CPU.ActiveCfg = Release|Any CPU
		{DA7B139F-FDBE-471D-8F40-C9B9FE67372A}.Release|Any CPU.Build.0 = Release|Any CPU
		{94C662E4-36AA-450B-8224-8565E4A3C3BF}.Debug|Any CPU.ActiveCfg = Debug|Any CPU
		{94C662E4-36AA-450B-8224-8565E4A3C3BF}.Debug|Any CPU.Build.0 = Debug|Any CPU
		{94C662E4-36AA-450B-8224-8565E4A3C3BF}.Release|Any CPU.ActiveCfg = Release|Any CPU
		{94C662E4-36AA-450B-8224-8565E4A3C3BF}.Release|Any CPU.Build.0 = Release|Any CPU
	EndGlobalSection
	GlobalSection(SolutionProperties) = preSolution
		HideSolutionNode = FALSE
	EndGlobalSection
	GlobalSection(ExtensibilityGlobals) = postSolution
		SolutionGuid = {7FDF0127-9FFA-4D6B-8E00-FE0DEDDFA134}
	EndGlobalSection
EndGlobal
